[[package]]
name = "altair"
version = "4.2.0"
description = "Altair: A declarative statistical visualization library for Python."
category = "main"
optional = false
python-versions = ">=3.7"

[package.dependencies]
entrypoints = "*"
jinja2 = "*"
jsonschema = ">=3.0"
numpy = "*"
pandas = ">=0.18"
toolz = "*"

[package.extras]
dev = ["black", "docutils", "ipython", "flake8", "pytest", "sphinx", "mistune (<2.0.0)", "m2r", "vega-datasets", "recommonmark"]

[[package]]
name = "attrs"
version = "22.1.0"
description = "Classes Without Boilerplate"
category = "main"
optional = false
python-versions = ">=3.5"

[package.extras]
dev = ["coverage[toml] (>=5.0.2)", "hypothesis", "pympler", "pytest (>=4.3.0)", "mypy (>=0.900,!=0.940)", "pytest-mypy-plugins", "zope.interface", "furo", "sphinx", "sphinx-notfound-page", "pre-commit", "cloudpickle"]
docs = ["furo", "sphinx", "zope.interface", "sphinx-notfound-page"]
tests = ["coverage[toml] (>=5.0.2)", "hypothesis", "pympler", "pytest (>=4.3.0)", "mypy (>=0.900,!=0.940)", "pytest-mypy-plugins", "zope.interface", "cloudpickle"]
tests_no_zope = ["coverage[toml] (>=5.0.2)", "hypothesis", "pympler", "pytest (>=4.3.0)", "mypy (>=0.900,!=0.940)", "pytest-mypy-plugins", "cloudpickle"]

[[package]]
name = "black"
version = "22.10.0"
description = "The uncompromising code formatter."
category = "dev"
optional = false
python-versions = ">=3.7"

[package.dependencies]
click = ">=8.0.0"
mypy-extensions = ">=0.4.3"
pathspec = ">=0.9.0"
platformdirs = ">=2"
tomli = {version = ">=1.1.0", markers = "python_full_version < \"3.11.0a7\""}

[package.extras]
colorama = ["colorama (>=0.4.3)"]
d = ["aiohttp (>=3.7.4)"]
jupyter = ["ipython (>=7.8.0)", "tokenize-rt (>=3.2.0)"]
uvloop = ["uvloop (>=0.15.2)"]

[[package]]
name = "blinker"
version = "1.5"
description = "Fast, simple object-to-object and broadcast signaling"
category = "main"
optional = false
python-versions = ">=2.7, !=3.0.*, !=3.1.*, !=3.2.*, !=3.3.*, !=3.4.*"

[[package]]
name = "blis"
version = "0.7.9"
description = "The Blis BLAS-like linear algebra library, as a self-contained C-extension."
category = "main"
optional = false
python-versions = "*"

[package.dependencies]
numpy = ">=1.15.0"

[[package]]
name = "cachetools"
version = "5.2.0"
description = "Extensible memoizing collections and decorators"
category = "main"
optional = false
python-versions = "~=3.7"

[[package]]
name = "catalogue"
version = "2.0.8"
description = "Super lightweight function registries for your library"
category = "main"
optional = false
python-versions = ">=3.6"

[[package]]
name = "certifi"
version = "2022.9.24"
description = "Python package for providing Mozilla's CA Bundle."
category = "main"
optional = false
python-versions = ">=3.6"

[[package]]
name = "charset-normalizer"
version = "2.1.1"
description = "The Real First Universal Charset Detector. Open, modern and actively maintained alternative to Chardet."
category = "main"
optional = false
python-versions = ">=3.6.0"

[package.extras]
unicode_backport = ["unicodedata2"]

[[package]]
name = "click"
version = "8.1.3"
description = "Composable command line interface toolkit"
category = "main"
optional = false
python-versions = ">=3.7"

[package.dependencies]
colorama = {version = "*", markers = "platform_system == \"Windows\""}

[[package]]
name = "colorama"
version = "0.4.6"
description = "Cross-platform colored terminal text."
category = "main"
optional = false
python-versions = "!=3.0.*,!=3.1.*,!=3.2.*,!=3.3.*,!=3.4.*,!=3.5.*,!=3.6.*,>=2.7"

[[package]]
name = "commonmark"
version = "0.9.1"
description = "Python parser for the CommonMark Markdown spec"
category = "main"
optional = false
python-versions = "*"

[package.extras]
test = ["flake8 (==3.7.8)", "hypothesis (==3.55.3)"]

[[package]]
name = "confection"
version = "0.0.3"
description = "The sweetest config system for Python"
category = "main"
optional = false
python-versions = ">=3.6"

[package.dependencies]
pydantic = ">=1.7.4,<1.8 || >1.8,<1.8.1 || >1.8.1,<1.11.0"
srsly = ">=2.4.0,<3.0.0"

[[package]]
name = "cymem"
version = "2.0.7"
description = "Manage calls to calloc/free through Cython"
category = "main"
optional = false
python-versions = "*"

[[package]]
name = "decorator"
version = "5.1.1"
description = "Decorators for Humans"
category = "main"
optional = false
python-versions = ">=3.5"

[[package]]
name = "entrypoints"
version = "0.4"
description = "Discover and load entry points from installed packages."
category = "main"
optional = false
python-versions = ">=3.6"

[[package]]
name = "et-xmlfile"
version = "1.1.0"
description = "An implementation of lxml.xmlfile for the standard library"
category = "main"
optional = false
python-versions = ">=3.6"

[[package]]
name = "gitdb"
version = "4.0.10"
description = "Git Object Database"
category = "main"
optional = false
python-versions = ">=3.7"

[package.dependencies]
smmap = ">=3.0.1,<6"

[[package]]
name = "gitpython"
version = "3.1.29"
description = "GitPython is a python library used to interact with Git repositories"
category = "main"
optional = false
python-versions = ">=3.7"

[package.dependencies]
gitdb = ">=4.0.1,<5"

[[package]]
name = "idna"
version = "3.4"
description = "Internationalized Domain Names in Applications (IDNA)"
category = "main"
optional = false
python-versions = ">=3.5"

[[package]]
name = "importlib-metadata"
version = "5.1.0"
description = "Read metadata from Python packages"
category = "main"
optional = false
python-versions = ">=3.7"

[package.dependencies]
zipp = ">=0.5"

[package.extras]
docs = ["sphinx (>=3.5)", "jaraco.packaging (>=9)", "rst.linker (>=1.9)", "furo", "jaraco.tidelift (>=1.4)"]
perf = ["ipython"]
testing = ["pytest (>=6)", "pytest-checkdocs (>=2.4)", "flake8 (<5)", "pytest-cov", "pytest-enabler (>=1.3)", "packaging", "pyfakefs", "flufl.flake8", "pytest-perf (>=0.9.2)", "pytest-black (>=0.3.7)", "pytest-mypy (>=0.9.1)", "pytest-flake8", "importlib-resources (>=1.3)"]

[[package]]
name = "jinja2"
version = "3.1.2"
description = "A very fast and expressive template engine."
category = "main"
optional = false
python-versions = ">=3.7"

[package.dependencies]
MarkupSafe = ">=2.0"

[package.extras]
i18n = ["Babel (>=2.7)"]

[[package]]
name = "jsonschema"
version = "4.17.3"
description = "An implementation of JSON Schema validation for Python"
category = "main"
optional = false
python-versions = ">=3.7"

[package.dependencies]
attrs = ">=17.4.0"
pyrsistent = ">=0.14.0,<0.17.0 || >0.17.0,<0.17.1 || >0.17.1,<0.17.2 || >0.17.2"

[package.extras]
format = ["fqdn", "idna", "isoduration", "jsonpointer (>1.13)", "rfc3339-validator", "rfc3987", "uri-template", "webcolors (>=1.11)"]
format-nongpl = ["fqdn", "idna", "isoduration", "jsonpointer (>1.13)", "rfc3339-validator", "rfc3986-validator (>0.1.0)", "uri-template", "webcolors (>=1.11)"]

[[package]]
name = "langcodes"
version = "3.3.0"
description = "Tools for labeling human languages with IETF language tags"
category = "main"
optional = false
python-versions = ">=3.6"

[package.extras]
data = ["language-data (>=1.1,<2.0)"]

[[package]]
name = "markupsafe"
version = "2.1.1"
description = "Safely add untrusted strings to HTML/XML markup."
category = "main"
optional = false
python-versions = ">=3.7"

[[package]]
name = "murmurhash"
version = "1.0.9"
description = "Cython bindings for MurmurHash"
category = "main"
optional = false
python-versions = ">=3.6"

[[package]]
name = "mypy-extensions"
version = "0.4.3"
description = "Experimental type system extensions for programs checked with the mypy typechecker."
category = "dev"
optional = false
python-versions = "*"

[[package]]
name = "numpy"
version = "1.23.5"
description = "NumPy is the fundamental package for array computing with Python."
category = "main"
optional = false
python-versions = ">=3.8"

[[package]]
name = "oauthlib"
version = "3.2.2"
description = "A generic, spec-compliant, thorough implementation of the OAuth request-signing logic"
category = "main"
optional = false
python-versions = ">=3.6"

[package.extras]
rsa = ["cryptography (>=3.0.0)"]
signals = ["blinker (>=1.4.0)"]
signedtoken = ["cryptography (>=3.0.0)", "pyjwt (>=2.0.0,<3)"]

[[package]]
name = "openai"
version = "0.25.0"
description = "Python client library for the OpenAI API"
category = "main"
optional = false
python-versions = ">=3.7.1"

[package.dependencies]
numpy = "*"
openpyxl = ">=3.0.7"
pandas = ">=1.2.3"
pandas-stubs = ">=1.1.0.11"
requests = ">=2.20"
tqdm = "*"
typing_extensions = "*"

[package.extras]
dev = ["black (>=21.6b0,<22.0.0)", "pytest (>=6.0.0,<7.0.0)"]
embeddings = ["scikit-learn (>=1.0.2)", "tenacity (>=8.0.1)", "matplotlib", "sklearn", "plotly"]
wandb = ["wandb"]

[[package]]
name = "openpyxl"
version = "3.0.10"
description = "A Python library to read/write Excel 2010 xlsx/xlsm files"
category = "main"
optional = false
python-versions = ">=3.6"

[package.dependencies]
et-xmlfile = "*"

[[package]]
name = "packaging"
version = "21.3"
description = "Core utilities for Python packages"
category = "main"
optional = false
python-versions = ">=3.6"

[package.dependencies]
pyparsing = ">=2.0.2,<3.0.5 || >3.0.5"

[[package]]
name = "pandas"
version = "1.5.2"
description = "Powerful data structures for data analysis, time series, and statistics"
category = "main"
optional = false
python-versions = ">=3.8"

[package.dependencies]
numpy = [
    {version = ">=1.21.0", markers = "python_version >= \"3.10\""},
    {version = ">=1.23.2", markers = "python_version >= \"3.11\""},
]
python-dateutil = ">=2.8.1"
pytz = ">=2020.1"

[package.extras]
test = ["hypothesis (>=5.5.3)", "pytest (>=6.0)", "pytest-xdist (>=1.31)"]

[[package]]
name = "pandas-stubs"
version = "1.2.0.62"
description = "Type annotations for Pandas"
category = "main"
optional = false
python-versions = "*"

[[package]]
name = "pathspec"
version = "0.10.2"
description = "Utility library for gitignore style pattern matching of file paths."
category = "dev"
optional = false
python-versions = ">=3.7"

[[package]]
name = "pathy"
version = "0.10.0"
description = "pathlib.Path subclasses for local and cloud bucket storage"
category = "main"
optional = false
python-versions = ">= 3.6"

[package.dependencies]
smart-open = ">=5.2.1,<6.0.0"
typer = ">=0.3.0,<1.0.0"

[package.extras]
all = ["google-cloud-storage (>=1.26.0,<2.0.0)", "boto3", "azure-storage-blob", "pytest", "pytest-coverage", "mock", "typer-cli"]
azure = ["azure-storage-blob"]
gcs = ["google-cloud-storage (>=1.26.0,<2.0.0)"]
s3 = ["boto3"]
test = ["pytest", "pytest-coverage", "mock", "typer-cli"]

[[package]]
name = "pillow"
version = "9.3.0"
description = "Python Imaging Library (Fork)"
category = "main"
optional = false
python-versions = ">=3.7"

[package.extras]
docs = ["furo", "olefile", "sphinx (>=2.4)", "sphinx-copybutton", "sphinx-issues (>=3.0.1)", "sphinx-removed-in", "sphinxext-opengraph"]
tests = ["check-manifest", "coverage", "defusedxml", "markdown2", "olefile", "packaging", "pyroma", "pytest", "pytest-cov", "pytest-timeout"]

[[package]]
name = "platformdirs"
version = "2.5.4"
description = "A small Python package for determining appropriate platform-specific dirs, e.g. a \"user data dir\"."
category = "dev"
optional = false
python-versions = ">=3.7"

[package.extras]
docs = ["furo (>=2022.9.29)", "proselint (>=0.13)", "sphinx-autodoc-typehints (>=1.19.4)", "sphinx (>=5.3)"]
test = ["appdirs (==1.4.4)", "pytest-cov (>=4)", "pytest-mock (>=3.10)", "pytest (>=7.2)"]

[[package]]
name = "preshed"
version = "3.0.8"
description = "Cython hash table that trusts the keys are pre-hashed"
category = "main"
optional = false
python-versions = ">=3.6"

[package.dependencies]
cymem = ">=2.0.2,<2.1.0"
murmurhash = ">=0.28.0,<1.1.0"

[[package]]
name = "protobuf"
version = "3.20.3"
description = "Protocol Buffers"
category = "main"
optional = false
python-versions = ">=3.7"

[[package]]
name = "pyarrow"
version = "10.0.1"
description = "Python library for Apache Arrow"
category = "main"
optional = false
python-versions = ">=3.7"

[package.dependencies]
numpy = ">=1.16.6"

[[package]]
name = "pycodestyle"
version = "2.10.0"
description = "Python style guide checker"
category = "dev"
optional = false
python-versions = ">=3.6"

[[package]]
name = "pydantic"
version = "1.10.2"
description = "Data validation and settings management using python type hints"
category = "main"
optional = false
python-versions = ">=3.7"

[package.dependencies]
typing-extensions = ">=4.1.0"

[package.extras]
dotenv = ["python-dotenv (>=0.10.4)"]
email = ["email-validator (>=1.0.3)"]

[[package]]
name = "pydeck"
version = "0.8.0"
description = "Widget for deck.gl maps"
category = "main"
optional = false
python-versions = ">=3.7"

[package.dependencies]
jinja2 = ">=2.10.1"
numpy = ">=1.16.4"

[package.extras]
carto = ["pydeck-carto"]
jupyter = ["ipywidgets (>=7,<8)", "traitlets (>=4.3.2)", "ipython (>=5.8.0)", "ipykernel (>=5.1.2)"]

[[package]]
name = "pygments"
version = "2.13.0"
description = "Pygments is a syntax highlighting package written in Python."
category = "main"
optional = false
python-versions = ">=3.6"

[package.extras]
plugins = ["importlib-metadata"]

[[package]]
name = "pympler"
version = "1.0.1"
description = "A development tool to measure, monitor and analyze the memory behavior of Python objects."
category = "main"
optional = false
python-versions = ">=3.6"

[[package]]
name = "pyparsing"
version = "3.0.9"
description = "pyparsing module - Classes and methods to define and execute parsing grammars"
category = "main"
optional = false
python-versions = ">=3.6.8"

[package.extras]
diagrams = ["railroad-diagrams", "jinja2"]

[[package]]
name = "pyrsistent"
version = "0.19.2"
description = "Persistent/Functional/Immutable data structures"
category = "main"
optional = false
python-versions = ">=3.7"

[[package]]
name = "python-dateutil"
version = "2.8.2"
description = "Extensions to the standard Python datetime module"
category = "main"
optional = false
python-versions = "!=3.0.*,!=3.1.*,!=3.2.*,>=2.7"

[package.dependencies]
six = ">=1.5"

[[package]]
name = "pytz"
version = "2022.6"
description = "World timezone definitions, modern and historical"
category = "main"
optional = false
python-versions = "*"

[[package]]
name = "pytz-deprecation-shim"
version = "0.1.0.post0"
description = "Shims to make deprecation of pytz easier"
category = "main"
optional = false
python-versions = "!=3.0.*,!=3.1.*,!=3.2.*,!=3.3.*,!=3.4.*,!=3.5.*,>=2.7"

[package.dependencies]
tzdata = {version = "*", markers = "python_version >= \"3.6\""}

[[package]]
name = "requests"
version = "2.28.1"
description = "Python HTTP for Humans."
category = "main"
optional = false
python-versions = ">=3.7, <4"

[package.dependencies]
certifi = ">=2017.4.17"
charset-normalizer = ">=2,<3"
idna = ">=2.5,<4"
urllib3 = ">=1.21.1,<1.27"

[package.extras]
socks = ["PySocks (>=1.5.6,!=1.5.7)"]
use_chardet_on_py3 = ["chardet (>=3.0.2,<6)"]

[[package]]
name = "requests-oauthlib"
version = "1.3.1"
description = "OAuthlib authentication support for Requests."
category = "main"
optional = false
python-versions = ">=2.7, !=3.0.*, !=3.1.*, !=3.2.*, !=3.3.*"

[package.dependencies]
oauthlib = ">=3.0.0"
requests = ">=2.0.0"

[package.extras]
rsa = ["oauthlib[signedtoken] (>=3.0.0)"]

[[package]]
name = "rich"
version = "12.6.0"
description = "Render rich text, tables, progress bars, syntax highlighting, markdown and more to the terminal"
category = "main"
optional = false
python-versions = ">=3.6.3,<4.0.0"

[package.dependencies]
commonmark = ">=0.9.0,<0.10.0"
pygments = ">=2.6.0,<3.0.0"

[package.extras]
jupyter = ["ipywidgets (>=7.5.1,<8.0.0)"]

[[package]]
name = "semver"
version = "2.13.0"
description = "Python helper for Semantic Versioning (http://semver.org/)"
category = "main"
optional = false
python-versions = ">=2.7, !=3.0.*, !=3.1.*, !=3.2.*, !=3.3.*"

[[package]]
name = "six"
version = "1.16.0"
description = "Python 2 and 3 compatibility utilities"
category = "main"
optional = false
python-versions = ">=2.7, !=3.0.*, !=3.1.*, !=3.2.*"

[[package]]
name = "smart-open"
version = "5.2.1"
description = "Utils for streaming large files (S3, HDFS, GCS, Azure Blob Storage, gzip, bz2...)"
category = "main"
optional = false
python-versions = ">=3.6,<4.0"

[package.extras]
all = ["boto3", "google-cloud-storage", "azure-storage-blob", "azure-common", "azure-core", "requests"]
azure = ["azure-storage-blob", "azure-common", "azure-core"]
gcs = ["google-cloud-storage"]
http = ["requests"]
s3 = ["boto3"]
test = ["boto3", "google-cloud-storage", "azure-storage-blob", "azure-common", "azure-core", "requests", "moto[server] (==1.3.14)", "pathlib2", "responses", "paramiko", "parameterizedtestcase", "pytest", "pytest-rerunfailures"]
webhdfs = ["requests"]

[[package]]
name = "smmap"
version = "5.0.0"
description = "A pure Python implementation of a sliding window memory map manager"
category = "main"
optional = false
python-versions = ">=3.6"

[[package]]
name = "spacy"
version = "3.4.3"
description = "Industrial-strength Natural Language Processing (NLP) in Python"
category = "main"
optional = false
python-versions = ">=3.6"

[package.dependencies]
catalogue = ">=2.0.6,<2.1.0"
cymem = ">=2.0.2,<2.1.0"
jinja2 = "*"
langcodes = ">=3.2.0,<4.0.0"
murmurhash = ">=0.28.0,<1.1.0"
numpy = ">=1.15.0"
packaging = ">=20.0"
pathy = ">=0.3.5"
preshed = ">=3.0.2,<3.1.0"
pydantic = ">=1.7.4,<1.8 || >1.8,<1.8.1 || >1.8.1,<1.11.0"
requests = ">=2.13.0,<3.0.0"
spacy-legacy = ">=3.0.10,<3.1.0"
spacy-loggers = ">=1.0.0,<2.0.0"
srsly = ">=2.4.3,<3.0.0"
thinc = ">=8.1.0,<8.2.0"
tqdm = ">=4.38.0,<5.0.0"
typer = ">=0.3.0,<0.8.0"
wasabi = ">=0.9.1,<1.1.0"

[package.extras]
apple = ["thinc-apple-ops (>=0.1.0.dev0,<1.0.0)"]
cuda = ["cupy (>=5.0.0b4,<12.0.0)"]
cuda-autodetect = ["cupy-wheel (>=11.0.0,<12.0.0)"]
cuda100 = ["cupy-cuda100 (>=5.0.0b4,<12.0.0)"]
cuda101 = ["cupy-cuda101 (>=5.0.0b4,<12.0.0)"]
cuda102 = ["cupy-cuda102 (>=5.0.0b4,<12.0.0)"]
cuda110 = ["cupy-cuda110 (>=5.0.0b4,<12.0.0)"]
cuda111 = ["cupy-cuda111 (>=5.0.0b4,<12.0.0)"]
cuda112 = ["cupy-cuda112 (>=5.0.0b4,<12.0.0)"]
cuda113 = ["cupy-cuda113 (>=5.0.0b4,<12.0.0)"]
cuda114 = ["cupy-cuda114 (>=5.0.0b4,<12.0.0)"]
cuda115 = ["cupy-cuda115 (>=5.0.0b4,<12.0.0)"]
cuda116 = ["cupy-cuda116 (>=5.0.0b4,<12.0.0)"]
cuda117 = ["cupy-cuda117 (>=5.0.0b4,<12.0.0)"]
cuda11x = ["cupy-cuda11x (>=11.0.0,<12.0.0)"]
cuda80 = ["cupy-cuda80 (>=5.0.0b4,<12.0.0)"]
cuda90 = ["cupy-cuda90 (>=5.0.0b4,<12.0.0)"]
cuda91 = ["cupy-cuda91 (>=5.0.0b4,<12.0.0)"]
cuda92 = ["cupy-cuda92 (>=5.0.0b4,<12.0.0)"]
ja = ["sudachipy (>=0.5.2,!=0.6.1)", "sudachidict-core (>=20211220)"]
ko = ["natto-py (>=0.9.0)"]
lookups = ["spacy-lookups-data (>=1.0.3,<1.1.0)"]
ray = ["spacy-ray (>=0.1.0,<1.0.0)"]
th = ["pythainlp (>=2.0)"]
transformers = ["spacy-transformers (>=1.1.2,<1.2.0)"]

[[package]]
name = "spacy-legacy"
version = "3.0.10"
description = "Legacy registered functions for spaCy backwards compatibility"
category = "main"
optional = false
python-versions = ">=3.6"

[[package]]
name = "spacy-loggers"
version = "1.0.3"
description = "Logging utilities for SpaCy"
category = "main"
optional = false
python-versions = ">=3.6"

[package.dependencies]
wasabi = ">=0.8.1,<1.1.0"

[[package]]
name = "srsly"
version = "2.4.5"
description = "Modern high-performance serialization utilities for Python"
category = "main"
optional = false
python-versions = ">=3.6"

[package.dependencies]
catalogue = ">=2.0.3,<2.1.0"

[[package]]
name = "streamlit"
version = "1.15.1"
description = "The fastest way to build data apps in Python"
category = "main"
optional = false
python-versions = ">=3.7, !=3.9.7"

[package.dependencies]
altair = ">=3.2.0"
blinker = ">=1.0.0"
cachetools = ">=4.0"
click = ">=7.0"
gitpython = "!=3.1.19"
importlib-metadata = ">=1.4"
numpy = "*"
packaging = ">=14.1"
pandas = ">=0.21.0"
pillow = ">=6.2.0"
protobuf = ">=3.12,<4"
pyarrow = ">=4.0"
pydeck = ">=0.1.dev5"
pympler = ">=0.9"
python-dateutil = "*"
requests = ">=2.4"
rich = ">=10.11.0"
semver = "*"
toml = "*"
tornado = ">=5.0"
typing-extensions = ">=3.10.0.0"
tzlocal = ">=1.1"
validators = ">=0.2"
watchdog = {version = "*", markers = "platform_system != \"Darwin\""}

[[package]]
name = "thinc"
version = "8.1.5"
description = "A refreshing functional take on deep learning, compatible with your favorite libraries"
category = "main"
optional = false
python-versions = ">=3.6"

[package.dependencies]
blis = ">=0.7.8,<0.8.0"
catalogue = ">=2.0.4,<2.1.0"
confection = ">=0.0.1,<1.0.0"
cymem = ">=2.0.2,<2.1.0"
murmurhash = ">=1.0.2,<1.1.0"
numpy = ">=1.15.0"
preshed = ">=3.0.2,<3.1.0"
pydantic = ">=1.7.4,<1.8 || >1.8,<1.8.1 || >1.8.1,<1.11.0"
srsly = ">=2.4.0,<3.0.0"
wasabi = ">=0.8.1,<1.1.0"

[package.extras]
cuda = ["cupy (>=5.0.0b4)"]
cuda-autodetect = ["cupy-wheel (>=11.0.0)"]
cuda100 = ["cupy-cuda100 (>=5.0.0b4)"]
cuda101 = ["cupy-cuda101 (>=5.0.0b4)"]
cuda102 = ["cupy-cuda102 (>=5.0.0b4)"]
cuda110 = ["cupy-cuda110 (>=5.0.0b4)"]
cuda111 = ["cupy-cuda111 (>=5.0.0b4)"]
cuda112 = ["cupy-cuda112 (>=5.0.0b4)"]
cuda113 = ["cupy-cuda113 (>=5.0.0b4)"]
cuda114 = ["cupy-cuda114 (>=5.0.0b4)"]
cuda115 = ["cupy-cuda115 (>=5.0.0b4)"]
cuda116 = ["cupy-cuda116 (>=5.0.0b4)"]
cuda117 = ["cupy-cuda117 (>=5.0.0b4)"]
cuda11x = ["cupy-cuda11x (>=11.0.0)"]
cuda80 = ["cupy-cuda80 (>=5.0.0b4)"]
cuda90 = ["cupy-cuda90 (>=5.0.0b4)"]
cuda91 = ["cupy-cuda91 (>=5.0.0b4)"]
cuda92 = ["cupy-cuda92 (>=5.0.0b4)"]
datasets = ["ml-datasets (>=0.2.0,<0.3.0)"]
mxnet = ["mxnet (>=1.5.1,<1.6.0)"]
tensorflow = ["tensorflow (>=2.0.0,<2.6.0)"]
torch = ["torch (>=1.6.0)"]

[[package]]
name = "toml"
version = "0.10.2"
description = "Python Library for Tom's Obvious, Minimal Language"
category = "main"
optional = false
python-versions = ">=2.6, !=3.0.*, !=3.1.*, !=3.2.*"

[[package]]
name = "tomli"
version = "2.0.1"
description = "A lil' TOML parser"
category = "dev"
optional = false
python-versions = ">=3.7"

[[package]]
name = "toolz"
version = "0.12.0"
description = "List processing tools and functional utilities"
category = "main"
optional = false
python-versions = ">=3.5"

[[package]]
name = "tornado"
version = "6.2"
description = "Tornado is a Python web framework and asynchronous networking library, originally developed at FriendFeed."
category = "main"
optional = false
python-versions = ">= 3.7"

[[package]]
name = "tqdm"
version = "4.64.1"
description = "Fast, Extensible Progress Meter"
category = "main"
optional = false
python-versions = "!=3.0.*,!=3.1.*,!=3.2.*,!=3.3.*,>=2.7"

[package.dependencies]
colorama = {version = "*", markers = "platform_system == \"Windows\""}

[package.extras]
dev = ["py-make (>=0.1.0)", "twine", "wheel"]
notebook = ["ipywidgets (>=6)"]
slack = ["slack-sdk"]
telegram = ["requests"]

[[package]]
name = "tweepy"
version = "4.12.1"
description = "Twitter library for Python"
category = "main"
optional = false
python-versions = ">=3.7"

[package.dependencies]
oauthlib = ">=3.2.0,<4"
requests = ">=2.27.0,<3"
requests-oauthlib = ">=1.2.0,<2"

[package.extras]
async = ["aiohttp (>=3.7.3,<4)", "async-lru (>=1.0.3,<2)"]
dev = ["coverage (>=4.4.2)", "coveralls (>=2.1.0)", "tox (>=3.21.0)"]
docs = ["myst-parser (==0.15.2)", "readthedocs-sphinx-search (==0.1.1)", "sphinx (==4.2.0)", "sphinx-hoverxref (==0.7b1)", "sphinx-tabs (==3.2.0)", "sphinx-rtd-theme (==1.0.0)"]
socks = ["requests[socks] (>=2.27.0,<3)"]
test = ["vcrpy (>=1.10.3)"]

[[package]]
name = "typer"
version = "0.7.0"
description = "Typer, build great CLIs. Easy to code. Based on Python type hints."
category = "main"
optional = false
python-versions = ">=3.6"

[package.dependencies]
click = ">=7.1.1,<9.0.0"

[package.extras]
all = ["colorama (>=0.4.3,<0.5.0)", "shellingham (>=1.3.0,<2.0.0)", "rich (>=10.11.0,<13.0.0)"]
dev = ["autoflake (>=1.3.1,<2.0.0)", "flake8 (>=3.8.3,<4.0.0)", "pre-commit (>=2.17.0,<3.0.0)"]
doc = ["mkdocs (>=1.1.2,<2.0.0)", "mkdocs-material (>=8.1.4,<9.0.0)", "mdx-include (>=1.4.1,<2.0.0)", "pillow (>=9.3.0,<10.0.0)", "cairosvg (>=2.5.2,<3.0.0)"]
test = ["shellingham (>=1.3.0,<2.0.0)", "pytest (>=4.4.0,<8.0.0)", "pytest-cov (>=2.10.0,<5.0.0)", "coverage (>=6.2,<7.0)", "pytest-xdist (>=1.32.0,<4.0.0)", "pytest-sugar (>=0.9.4,<0.10.0)", "mypy (==0.910)", "black (>=22.3.0,<23.0.0)", "isort (>=5.0.6,<6.0.0)", "rich (>=10.11.0,<13.0.0)"]

[[package]]
name = "typing-extensions"
version = "4.4.0"
description = "Backported and Experimental Type Hints for Python 3.7+"
category = "main"
optional = false
python-versions = ">=3.7"

[[package]]
name = "tzdata"
version = "2022.7"
description = "Provider of IANA time zone data"
category = "main"
optional = false
python-versions = ">=2"

[[package]]
name = "tzlocal"
version = "4.2"
description = "tzinfo object for the local timezone"
category = "main"
optional = false
python-versions = ">=3.6"

[package.dependencies]
pytz-deprecation-shim = "*"
tzdata = {version = "*", markers = "platform_system == \"Windows\""}

[package.extras]
devenv = ["black", "pyroma", "pytest-cov", "zest.releaser"]
test = ["pytest-mock (>=3.3)", "pytest (>=4.3)"]

[[package]]
name = "urllib3"
version = "1.26.13"
description = "HTTP library with thread-safe connection pooling, file post, and more."
category = "main"
optional = false
python-versions = ">=2.7, !=3.0.*, !=3.1.*, !=3.2.*, !=3.3.*, !=3.4.*, !=3.5.*"

[package.extras]
brotli = ["brotlicffi (>=0.8.0)", "brotli (>=1.0.9)", "brotlipy (>=0.6.0)"]
secure = ["pyOpenSSL (>=0.14)", "cryptography (>=1.3.4)", "idna (>=2.0.0)", "certifi", "urllib3-secure-extra", "ipaddress"]
socks = ["PySocks (>=1.5.6,!=1.5.7,<2.0)"]

[[package]]
name = "validators"
version = "0.20.0"
description = "Python Data Validation for Humans™."
category = "main"
optional = false
python-versions = ">=3.4"

[package.dependencies]
decorator = ">=3.4.0"

[package.extras]
test = ["pytest (>=2.2.3)", "flake8 (>=2.4.0)", "isort (>=4.2.2)"]

[[package]]
name = "wasabi"
version = "0.10.1"
description = "A lightweight console printing and formatting toolkit"
category = "main"
optional = false
python-versions = "*"

[[package]]
name = "watchdog"
version = "2.1.9"
description = "Filesystem events monitoring"
category = "main"
optional = false
python-versions = ">=3.6"

[package.extras]
watchmedo = ["PyYAML (>=3.10)"]

[[package]]
name = "zipp"
version = "3.11.0"
description = "Backport of pathlib-compatible object wrapper for zip files"
category = "main"
optional = false
python-versions = ">=3.7"

[package.extras]
docs = ["sphinx (>=3.5)", "jaraco.packaging (>=9)", "rst.linker (>=1.9)", "furo", "jaraco.tidelift (>=1.4)"]
testing = ["pytest (>=6)", "pytest-checkdocs (>=2.4)", "flake8 (<5)", "pytest-cov", "pytest-enabler (>=1.3)", "jaraco.itertools", "func-timeout", "jaraco.functools", "more-itertools", "pytest-black (>=0.3.7)", "pytest-mypy (>=0.9.1)", "pytest-flake8"]

[metadata]
lock-version = "1.1"
python-versions = "^3.10"
content-hash = "a2cb163e1241d2e3985c3360f8de0330a0d27870f7e65aca28f0c3b8f67ac03a"

[metadata.files]
altair = []
attrs = []
black = []
blinker = []
blis = []
cachetools = []
catalogue = []
certifi = []
charset-normalizer = []
click = []
colorama = []
commonmark = []
confection = []
cymem = []
decorator = []
entrypoints = []
et-xmlfile = []
gitdb = []
gitpython = []
idna = []
importlib-metadata = []
jinja2 = []
jsonschema = []
langcodes = []
markupsafe = []
murmurhash = []
mypy-extensions = []
numpy = []
oauthlib = []
openai = []
openpyxl = []
packaging = []
pandas = []
pandas-stubs = []
pathspec = []
pathy = []
pillow = []
platformdirs = []
preshed = []
protobuf = []
pyarrow = []
pycodestyle = []
pydantic = []
pydeck = []
pygments = []
pympler = []
pyparsing = []
pyrsistent = []
python-dateutil = []
pytz = []
pytz-deprecation-shim = []
requests = []
requests-oauthlib = []
rich = []
semver = []
six = []
smart-open = []
smmap = []
spacy = []
spacy-legacy = []
spacy-loggers = []
srsly = []
streamlit = []
thinc = []
toml = []
tomli = []
toolz = []
tornado = []
tqdm = []
tweepy = []
typer = []
typing-extensions = []
tzdata = []
tzlocal = []
urllib3 = []
validators = []
wasabi = []
watchdog = []
zipp = []
